
Microsoft Visual Studio Solution File, Format Version 12.00
# Visual Studio Version 16
VisualStudioVersion = 16.0.32126.315
MinimumVisualStudioVersion = 10.0.40219.1
Project("{9A19103F-16F7-4668-BE54-9A1E7A4F7556}") = "CardGames", "CardGames\CardGames.csproj", "{F2BF30D9-3EFC-48C2-AA4F-3FEA852DF429}"
EndProject
Project("{9A19103F-16F7-4668-BE54-9A1E7A4F7556}") = "CardGameTest", "CardGameTest\CardGameTest.csproj", "{537F500D-480E-4E17-91E7-8B403486BE2C}"
EndProject
Project("{9A19103F-16F7-4668-BE54-9A1E7A4F7556}") = "Data", "Data\Data.csproj", "{4A76D784-15F0-4400-BDE4-D6CBC8F505CA}"
EndProject
Project("{9A19103F-16F7-4668-BE54-9A1E7A4F7556}") = "TexasModels", "TexasModels\TexasModels.csproj", "{6CDF5EFD-3EE7-499F-B6E3-82038CC3BF1D}"
EndProject
Project("{FAE04EC0-301F-11D3-BF4B-00C04F79EFBC}") = "TexasQuery", "TexasQuery\TexasQuery.csproj", "{2EC804D9-CA90-4F81-9691-C6B685EAAB83}"
EndProject
Global
	GlobalSection(SolutionConfigurationPlatforms) = preSolution
		Debug|Any CPU = Debug|Any CPU
		Release|Any CPU = Release|Any CPU
	EndGlobalSection
	GlobalSection(ProjectConfigurationPlatforms) = postSolution
		{F2BF30D9-3EFC-48C2-AA4F-3FEA852DF429}.Debug|Any CPU.ActiveCfg = Debug|Any CPU
		{F2BF30D9-3EFC-48C2-AA4F-3FEA852DF429}.Debug|Any CPU.Build.0 = Debug|Any CPU
		{F2BF30D9-3EFC-48C2-AA4F-3FEA852DF429}.Release|Any CPU.ActiveCfg = Release|Any CPU
		{F2BF30D9-3EFC-48C2-AA4F-3FEA852DF429}.Release|Any CPU.Build.0 = Release|Any CPU
		{537F500D-480E-4E17-91E7-8B403486BE2C}.Debug|Any CPU.ActiveCfg = Debug|Any CPU
		{537F500D-480E-4E17-91E7-8B403486BE2C}.Debug|Any CPU.Build.0 = Debug|Any CPU
		{537F500D-480E-4E17-91E7-8B403486BE2C}.Release|Any CPU.ActiveCfg = Release|Any CPU
		{537F500D-480E-4E17-91E7-8B403486BE2C}.Release|Any CPU.Build.0 = Release|Any CPU
		{4A76D784-15F0-4400-BDE4-D6CBC8F505CA}.Debug|Any CPU.ActiveCfg = Debug|Any CPU
		{4A76D784-15F0-4400-BDE4-D6CBC8F505CA}.Debug|Any CPU.Build.0 = Debug|Any CPU
		{4A76D784-15F0-4400-BDE4-D6CBC8F505CA}.Release|Any CPU.ActiveCfg = Release|Any CPU
		{4A76D784-15F0-4400-BDE4-D6CBC8F505CA}.Release|Any CPU.Build.0 = Release|Any CPU
		{6CDF5EFD-3EE7-499F-B6E3-82038CC3BF1D}.Debug|Any CPU.ActiveCfg = Debug|Any CPU
		{6CDF5EFD-3EE7-499F-B6E3-82038CC3BF1D}.Debug|Any CPU.Build.0 = Debug|Any CPU
		{6CDF5EFD-3EE7-499F-B6E3-82038CC3BF1D}.Release|Any CPU.ActiveCfg = Release|Any CPU
		{6CDF5EFD-3EE7-499F-B6E3-82038CC3BF1D}.Release|Any CPU.Build.0 = Release|Any CPU
		{2EC804D9-CA90-4F81-9691-C6B685EAAB83}.Debug|Any CPU.ActiveCfg = Debug|Any CPU
		{2EC804D9-CA90-4F81-9691-C6B685EAAB83}.Debug|Any CPU.Build.0 = Debug|Any CPU
		{2EC804D9-CA90-4F81-9691-C6B685EAAB83}.Release|Any CPU.ActiveCfg = Release|Any CPU
		{2EC804D9-CA90-4F81-9691-C6B685EAAB83}.Release|Any CPU.Build.0 = Release|Any CPU
	EndGlobalSection
	GlobalSection(SolutionProperties) = preSolution
		HideSolutionNode = FALSE
	EndGlobalSection
	GlobalSection(ExtensibilityGlobals) = postSolution
		SolutionGuid = {99BE1738-DCAD-4A67-AB15-26CEA9D4E7A8}
	EndGlobalSection
EndGlobal
